
Microsoft Visual Studio Solution File, Format Version 12.00
# Visual Studio Version 17
VisualStudioVersion = 17.5.002.0
MinimumVisualStudioVersion = 10.0.40219.1
Project("{9A19103F-16F7-4668-BE54-9A1E7A4F7556}") = "Task_0002", "Task_0002.csproj", "{91A9B4C0-75BD-4A21-B28E-74D7102C9346}"
EndProject
Global
	GlobalSection(SolutionConfigurationPlatforms) = preSolution
		Debug|Any CPU = Debug|Any CPU
		Release|Any CPU = Release|Any CPU
	EndGlobalSection
	GlobalSection(ProjectConfigurationPlatforms) = postSolution
		{91A9B4C0-75BD-4A21-B28E-74D7102C9346}.Debug|Any CPU.ActiveCfg = Debug|Any CPU
		{91A9B4C0-75BD-4A21-B28E-74D7102C9346}.Debug|Any CPU.Build.0 = Debug|Any CPU
		{91A9B4C0-75BD-4A21-B28E-74D7102C9346}.Release|Any CPU.ActiveCfg = Release|Any CPU
		{91A9B4C0-75BD-4A21-B28E-74D7102C9346}.Release|Any CPU.Build.0 = Release|Any CPU
	EndGlobalSection
	GlobalSection(SolutionProperties) = preSolution
		HideSolutionNode = FALSE
	EndGlobalSection
	GlobalSection(ExtensibilityGlobals) = postSolution
		SolutionGuid = {EAF56F0C-F53B-4144-80CC-8D4794C90EEE}
	EndGlobalSection
EndGlobal
